
Microsoft Visual Studio Solution File, Format Version 12.00
# Visual Studio Version 17
VisualStudioVersion = 17.8.34511.84
MinimumVisualStudioVersion = 10.0.40219.1
Project("{FAE04EC0-301F-11D3-BF4B-00C04F79EFBC}") = "ApiWeb", "ApiWeb\ApiWeb.csproj", "{8F63F98A-104B-4231-846F-F410F1ED618B}"
EndProject
Global
	GlobalSection(SolutionConfigurationPlatforms) = preSolution
		Debug|Any CPU = Debug|Any CPU
		Release|Any CPU = Release|Any CPU
	EndGlobalSection
	GlobalSection(ProjectConfigurationPlatforms) = postSolution
		{8F63F98A-104B-4231-846F-F410F1ED618B}.Debug|Any CPU.ActiveCfg = Debug|Any CPU
		{8F63F98A-104B-4231-846F-F410F1ED618B}.Debug|Any CPU.Build.0 = Debug|Any CPU
		{8F63F98A-104B-4231-846F-F410F1ED618B}.Release|Any CPU.ActiveCfg = Release|Any CPU
		{8F63F98A-104B-4231-846F-F410F1ED618B}.Release|Any CPU.Build.0 = Release|Any CPU
	EndGlobalSection
	GlobalSection(SolutionProperties) = preSolution
		HideSolutionNode = FALSE
	EndGlobalSection
	GlobalSection(ExtensibilityGlobals) = postSolution
		SolutionGuid = {93579F75-EB91-4713-9913-94A61AE28DEF}
	EndGlobalSection
EndGlobal
